// !$*UTF8*$!
{
	archiveVersion = 1;
	classes = {
	};
	objectVersion = 48;
	objects = {

/* Begin PBXBuildFile section */
		DA4CBAD12096A25E003CDB70 /* IntExtensions.swift in Sources */ = {isa = PBXBuildFile; fileRef = DA4CBACF2096A25E003CDB70 /* IntExtensions.swift */; };
		DA4CBAD22096A25E003CDB70 /* IntExtensions.swift in Sources */ = {isa = PBXBuildFile; fileRef = DA4CBACF2096A25E003CDB70 /* IntExtensions.swift */; };
		DA4CBAD32096A25E003CDB70 /* SomeTest.swift in Sources */ = {isa = PBXBuildFile; fileRef = DA4CBAD02096A25E003CDB70 /* SomeTest.swift */; };
		DA4CBAD42096A25E003CDB70 /* SomeTest.swift in Sources */ = {isa = PBXBuildFile; fileRef = DA4CBAD02096A25E003CDB70 /* SomeTest.swift */; };
		DAAF49AD20969CED00746B7E /* dSwiftUtils_tvOS.h in Headers */ = {isa = PBXBuildFile; fileRef = DAAF49AB20969CED00746B7E /* dSwiftUtils_tvOS.h */; settings = {ATTRIBUTES = (Public, ); }; };
		DAAF49BA20969CFF00746B7E /* dSwiftUtils_iOS.h in Headers */ = {isa = PBXBuildFile; fileRef = DAAF49B820969CFF00746B7E /* dSwiftUtils_iOS.h */; settings = {ATTRIBUTES = (Public, ); }; };
/* End PBXBuildFile section */

/* Begin PBXFileReference section */
		DA4CBACF2096A25E003CDB70 /* IntExtensions.swift */ = {isa = PBXFileReference; fileEncoding = 4; lastKnownFileType = sourcecode.swift; path = IntExtensions.swift; sourceTree = "<group>"; };
		DA4CBAD02096A25E003CDB70 /* SomeTest.swift */ = {isa = PBXFileReference; fileEncoding = 4; lastKnownFileType = sourcecode.swift; path = SomeTest.swift; sourceTree = "<group>"; };
		DAAF499C20969C8F00746B7E /* dSwiftUtils.h */ = {isa = PBXFileReference; lastKnownFileType = sourcecode.c.h; path = dSwiftUtils.h; sourceTree = "<group>"; };
		DAAF499D20969C8F00746B7E /* Info.plist */ = {isa = PBXFileReference; lastKnownFileType = text.plist.xml; path = Info.plist; sourceTree = "<group>"; };
		DAAF49A920969CED00746B7E /* dSwiftUtils_tvOS.framework */ = {isa = PBXFileReference; explicitFileType = wrapper.framework; includeInIndex = 0; path = dSwiftUtils_tvOS.framework; sourceTree = BUILT_PRODUCTS_DIR; };
		DAAF49AB20969CED00746B7E /* dSwiftUtils_tvOS.h */ = {isa = PBXFileReference; lastKnownFileType = sourcecode.c.h; path = dSwiftUtils_tvOS.h; sourceTree = "<group>"; };
		DAAF49AC20969CED00746B7E /* Info.plist */ = {isa = PBXFileReference; lastKnownFileType = text.plist.xml; path = Info.plist; sourceTree = "<group>"; };
		DAAF49B620969CFF00746B7E /* dSwiftUtils_iOS.framework */ = {isa = PBXFileReference; explicitFileType = wrapper.framework; includeInIndex = 0; path = dSwiftUtils_iOS.framework; sourceTree = BUILT_PRODUCTS_DIR; };
		DAAF49B820969CFF00746B7E /* dSwiftUtils_iOS.h */ = {isa = PBXFileReference; lastKnownFileType = sourcecode.c.h; path = dSwiftUtils_iOS.h; sourceTree = "<group>"; };
		DAAF49B920969CFF00746B7E /* Info.plist */ = {isa = PBXFileReference; lastKnownFileType = text.plist.xml; path = Info.plist; sourceTree = "<group>"; };
/* End PBXFileReference section */

/* Begin PBXFrameworksBuildPhase section */
		DAAF49A520969CED00746B7E /* Frameworks */ = {
			isa = PBXFrameworksBuildPhase;
			buildActionMask = 2147483647;
			files = (
			);
			runOnlyForDeploymentPostprocessing = 0;
		};
		DAAF49B220969CFF00746B7E /* Frameworks */ = {
			isa = PBXFrameworksBuildPhase;
			buildActionMask = 2147483647;
			files = (
			);
			runOnlyForDeploymentPostprocessing = 0;
		};
/* End PBXFrameworksBuildPhase section */

/* Begin PBXGroup section */
		DA4CBACE2096A25E003CDB70 /* Shared */ = {
			isa = PBXGroup;
			children = (
				DA4CBACF2096A25E003CDB70 /* IntExtensions.swift */,
				DA4CBAD02096A25E003CDB70 /* SomeTest.swift */,
			);
			path = Shared;
			sourceTree = "<group>";
		};
		DAAF498F20969C8F00746B7E = {
			isa = PBXGroup;
			children = (
				DAAF499B20969C8F00746B7E /* dSwiftUtils */,
				DA4CBACE2096A25E003CDB70 /* Shared */,
				DAAF49AA20969CED00746B7E /* dSwiftUtils-tvOS */,
				DAAF49B720969CFF00746B7E /* dSwiftUtils-iOS */,
				DAAF499A20969C8F00746B7E /* Products */,
			);
			sourceTree = "<group>";
		};
		DAAF499A20969C8F00746B7E /* Products */ = {
			isa = PBXGroup;
			children = (
				DAAF49A920969CED00746B7E /* dSwiftUtils_tvOS.framework */,
				DAAF49B620969CFF00746B7E /* dSwiftUtils_iOS.framework */,
			);
			name = Products;
			sourceTree = "<group>";
		};
		DAAF499B20969C8F00746B7E /* dSwiftUtils */ = {
			isa = PBXGroup;
			children = (
				DAAF499C20969C8F00746B7E /* dSwiftUtils.h */,
				DAAF499D20969C8F00746B7E /* Info.plist */,
			);
			path = dSwiftUtils;
			sourceTree = "<group>";
		};
		DAAF49AA20969CED00746B7E /* dSwiftUtils-tvOS */ = {
			isa = PBXGroup;
			children = (
				DAAF49AB20969CED00746B7E /* dSwiftUtils_tvOS.h */,
				DAAF49AC20969CED00746B7E /* Info.plist */,
			);
			path = "dSwiftUtils-tvOS";
			sourceTree = "<group>";
		};
		DAAF49B720969CFF00746B7E /* dSwiftUtils-iOS */ = {
			isa = PBXGroup;
			children = (
				DAAF49B820969CFF00746B7E /* dSwiftUtils_iOS.h */,
				DAAF49B920969CFF00746B7E /* Info.plist */,
			);
			path = "dSwiftUtils-iOS";
			sourceTree = "<group>";
		};
/* End PBXGroup section */

/* Begin PBXHeadersBuildPhase section */
		DAAF49A620969CED00746B7E /* Headers */ = {
			isa = PBXHeadersBuildPhase;
			buildActionMask = 2147483647;
			files = (
				DAAF49AD20969CED00746B7E /* dSwiftUtils_tvOS.h in Headers */,
			);
			runOnlyForDeploymentPostprocessing = 0;
		};
		DAAF49B320969CFF00746B7E /* Headers */ = {
			isa = PBXHeadersBuildPhase;
			buildActionMask = 2147483647;
			files = (
				DAAF49BA20969CFF00746B7E /* dSwiftUtils_iOS.h in Headers */,
			);
			runOnlyForDeploymentPostprocessing = 0;
		};
/* End PBXHeadersBuildPhase section */

/* Begin PBXNativeTarget section */
		DAAF49A820969CED00746B7E /* dSwiftUtils-tvOS */ = {
			isa = PBXNativeTarget;
			buildConfigurationList = DAAF49AE20969CED00746B7E /* Build configuration list for PBXNativeTarget "dSwiftUtils-tvOS" */;
			buildPhases = (
				DAAF49A420969CED00746B7E /* Sources */,
				DAAF49A520969CED00746B7E /* Frameworks */,
				DAAF49A620969CED00746B7E /* Headers */,
				DAAF49A720969CED00746B7E /* Resources */,
			);
			buildRules = (
			);
			dependencies = (
			);
			name = "dSwiftUtils-tvOS";
			productName = "dSwiftUtils-tvOS";
			productReference = DAAF49A920969CED00746B7E /* dSwiftUtils_tvOS.framework */;
			productType = "com.apple.product-type.framework";
		};
		DAAF49B520969CFF00746B7E /* dSwiftUtils-iOS */ = {
			isa = PBXNativeTarget;
			buildConfigurationList = DAAF49BB20969CFF00746B7E /* Build configuration list for PBXNativeTarget "dSwiftUtils-iOS" */;
			buildPhases = (
				DAAF49B120969CFF00746B7E /* Sources */,
				DAAF49B220969CFF00746B7E /* Frameworks */,
				DAAF49B320969CFF00746B7E /* Headers */,
				DAAF49B420969CFF00746B7E /* Resources */,
			);
			buildRules = (
			);
			dependencies = (
			);
			name = "dSwiftUtils-iOS";
			productName = "dSwiftUtils-iOS";
			productReference = DAAF49B620969CFF00746B7E /* dSwiftUtils_iOS.framework */;
			productType = "com.apple.product-type.framework";
		};
/* End PBXNativeTarget section */

/* Begin PBXProject section */
		DAAF499020969C8F00746B7E /* Project object */ = {
			isa = PBXProject;
			attributes = {
				LastUpgradeCheck = 0920;
				ORGANIZATIONNAME = "Druva Yarlagadda";
				TargetAttributes = {
					DAAF49A820969CED00746B7E = {
						CreatedOnToolsVersion = 9.2;
						ProvisioningStyle = Automatic;
					};
					DAAF49B520969CFF00746B7E = {
						CreatedOnToolsVersion = 9.2;
						ProvisioningStyle = Automatic;
					};
				};
			};
			buildConfigurationList = DAAF499320969C8F00746B7E /* Build configuration list for PBXProject "dSwiftUtils" */;
			compatibilityVersion = "Xcode 8.0";
			developmentRegion = en;
			hasScannedForEncodings = 0;
			knownRegions = (
				en,
			);
			mainGroup = DAAF498F20969C8F00746B7E;
			productRefGroup = DAAF499A20969C8F00746B7E /* Products */;
			projectDirPath = "";
			projectRoot = "";
			targets = (
				DAAF49A820969CED00746B7E /* dSwiftUtils-tvOS */,
				DAAF49B520969CFF00746B7E /* dSwiftUtils-iOS */,
			);
		};
/* End PBXProject section */

/* Begin PBXResourcesBuildPhase section */
		DAAF49A720969CED00746B7E /* Resources */ = {
			isa = PBXResourcesBuildPhase;
			buildActionMask = 2147483647;
			files = (
			);
			runOnlyForDeploymentPostprocessing = 0;
		};
		DAAF49B420969CFF00746B7E /* Resources */ = {
			isa = PBXResourcesBuildPhase;
			buildActionMask = 2147483647;
			files = (
			);
			runOnlyForDeploymentPostprocessing = 0;
		};
/* End PBXResourcesBuildPhase section */

/* Begin PBXSourcesBuildPhase section */
		DAAF49A420969CED00746B7E /* Sources */ = {
			isa = PBXSourcesBuildPhase;
			buildActionMask = 2147483647;
			files = (
				DA4CBAD12096A25E003CDB70 /* IntExtensions.swift in Sources */,
				DA4CBAD32096A25E003CDB70 /* SomeTest.swift in Sources */,
			);
			runOnlyForDeploymentPostprocessing = 0;
		};
		DAAF49B120969CFF00746B7E /* Sources */ = {
			isa = PBXSourcesBuildPhase;
			buildActionMask = 2147483647;
			files = (
				DA4CBAD22096A25E003CDB70 /* IntExtensions.swift in Sources */,
				DA4CBAD42096A25E003CDB70 /* SomeTest.swift in Sources */,
			);
			runOnlyForDeploymentPostprocessing = 0;
		};
/* End PBXSourcesBuildPhase section */

/* Begin XCBuildConfiguration section */
		DAAF499F20969C8F00746B7E /* Debug */ = {
			isa = XCBuildConfiguration;
			buildSettings = {
				ALWAYS_SEARCH_USER_PATHS = NO;
				CLANG_ANALYZER_NONNULL = YES;
				CLANG_ANALYZER_NUMBER_OBJECT_CONVERSION = YES_AGGRESSIVE;
				CLANG_CXX_LANGUAGE_STANDARD = "gnu++14";
				CLANG_CXX_LIBRARY = "libc++";
				CLANG_ENABLE_MODULES = YES;
				CLANG_ENABLE_OBJC_ARC = YES;
				CLANG_WARN_BLOCK_CAPTURE_AUTORELEASING = YES;
				CLANG_WARN_BOOL_CONVERSION = YES;
				CLANG_WARN_COMMA = YES;
				CLANG_WARN_CONSTANT_CONVERSION = YES;
				CLANG_WARN_DIRECT_OBJC_ISA_USAGE = YES_ERROR;
				CLANG_WARN_DOCUMENTATION_COMMENTS = YES;
				CLANG_WARN_EMPTY_BODY = YES;
				CLANG_WARN_ENUM_CONVERSION = YES;
				CLANG_WARN_INFINITE_RECURSION = YES;
				CLANG_WARN_INT_CONVERSION = YES;
				CLANG_WARN_NON_LITERAL_NULL_CONVERSION = YES;
				CLANG_WARN_OBJC_LITERAL_CONVERSION = YES;
				CLANG_WARN_OBJC_ROOT_CLASS = YES_ERROR;
				CLANG_WARN_RANGE_LOOP_ANALYSIS = YES;
				CLANG_WARN_STRICT_PROTOTYPES = YES;
				CLANG_WARN_SUSPICIOUS_MOVE = YES;
				CLANG_WARN_UNGUARDED_AVAILABILITY = YES_AGGRESSIVE;
				CLANG_WARN_UNREACHABLE_CODE = YES;
				CLANG_WARN__DUPLICATE_METHOD_MATCH = YES;
				CODE_SIGN_IDENTITY = "iPhone Developer";
				COPY_PHASE_STRIP = NO;
				CURRENT_PROJECT_VERSION = 1;
				DEBUG_INFORMATION_FORMAT = dwarf;
				ENABLE_STRICT_OBJC_MSGSEND = YES;
				ENABLE_TESTABILITY = YES;
				GCC_C_LANGUAGE_STANDARD = gnu11;
				GCC_DYNAMIC_NO_PIC = NO;
				GCC_NO_COMMON_BLOCKS = YES;
				GCC_OPTIMIZATION_LEVEL = 0;
				GCC_PREPROCESSOR_DEFINITIONS = (
					"DEBUG=1",
					"$(inherited)",
				);
				GCC_WARN_64_TO_32_BIT_CONVERSION = YES;
				GCC_WARN_ABOUT_RETURN_TYPE = YES_ERROR;
				GCC_WARN_UNDECLARED_SELECTOR = YES;
				GCC_WARN_UNINITIALIZED_AUTOS = YES_AGGRESSIVE;
				GCC_WARN_UNUSED_FUNCTION = YES;
				GCC_WARN_UNUSED_VARIABLE = YES;
				IPHONEOS_DEPLOYMENT_TARGET = 11.2;
				MTL_ENABLE_DEBUG_INFO = YES;
				ONLY_ACTIVE_ARCH = YES;
				SDKROOT = iphoneos;
				SWIFT_ACTIVE_COMPILATION_CONDITIONS = DEBUG;
				SWIFT_OPTIMIZATION_LEVEL = "-Onone";
				VERSIONING_SYSTEM = "apple-generic";
				VERSION_INFO_PREFIX = "";
			};
			name = Debug;
		};
		DAAF49A020969C8F00746B7E /* Release */ = {
			isa = XCBuildConfiguration;
			buildSettings = {
				ALWAYS_SEARCH_USER_PATHS = NO;
				CLANG_ANALYZER_NONNULL = YES;
				CLANG_ANALYZER_NUMBER_OBJECT_CONVERSION = YES_AGGRESSIVE;
				CLANG_CXX_LANGUAGE_STANDARD = "gnu++14";
				CLANG_CXX_LIBRARY = "libc++";
				CLANG_ENABLE_MODULES = YES;
				CLANG_ENABLE_OBJC_ARC = YES;
				CLANG_WARN_BLOCK_CAPTURE_AUTORELEASING = YES;
				CLANG_WARN_BOOL_CONVERSION = YES;
				CLANG_WARN_COMMA = YES;
				CLANG_WARN_CONSTANT_CONVERSION = YES;
				CLANG_WARN_DIRECT_OBJC_ISA_USAGE = YES_ERROR;
				CLANG_WARN_DOCUMENTATION_COMMENTS = YES;
				CLANG_WARN_EMPTY_BODY = YES;
				CLANG_WARN_ENUM_CONVERSION = YES;
				CLANG_WARN_INFINITE_RECURSION = YES;
				CLANG_WARN_INT_CONVERSION = YES;
				CLANG_WARN_NON_LITERAL_NULL_CONVERSION = YES;
				CLANG_WARN_OBJC_LITERAL_CONVERSION = YES;
				CLANG_WARN_OBJC_ROOT_CLASS = YES_ERROR;
				CLANG_WARN_RANGE_LOOP_ANALYSIS = YES;
				CLANG_WARN_STRICT_PROTOTYPES = YES;
				CLANG_WARN_SUSPICIOUS_MOVE = YES;
				CLANG_WARN_UNGUARDED_AVAILABILITY = YES_AGGRESSIVE;
				CLANG_WARN_UNREACHABLE_CODE = YES;
				CLANG_WARN__DUPLICATE_METHOD_MATCH = YES;
				CODE_SIGN_IDENTITY = "iPhone Developer";
				COPY_PHASE_STRIP = NO;
				CURRENT_PROJECT_VERSION = 1;
				DEBUG_INFORMATION_FORMAT = "dwarf-with-dsym";
				ENABLE_NS_ASSERTIONS = NO;
				ENABLE_STRICT_OBJC_MSGSEND = YES;
				GCC_C_LANGUAGE_STANDARD = gnu11;
				GCC_NO_COMMON_BLOCKS = YES;
				GCC_WARN_64_TO_32_BIT_CONVERSION = YES;
				GCC_WARN_ABOUT_RETURN_TYPE = YES_ERROR;
				GCC_WARN_UNDECLARED_SELECTOR = YES;
				GCC_WARN_UNINITIALIZED_AUTOS = YES_AGGRESSIVE;
				GCC_WARN_UNUSED_FUNCTION = YES;
				GCC_WARN_UNUSED_VARIABLE = YES;
				IPHONEOS_DEPLOYMENT_TARGET = 11.2;
				MTL_ENABLE_DEBUG_INFO = NO;
				SDKROOT = iphoneos;
				SWIFT_OPTIMIZATION_LEVEL = "-Owholemodule";
				VALIDATE_PRODUCT = YES;
				VERSIONING_SYSTEM = "apple-generic";
				VERSION_INFO_PREFIX = "";
			};
			name = Release;
		};
		DAAF49AF20969CED00746B7E /* Debug */ = {
			isa = XCBuildConfiguration;
			buildSettings = {
				CODE_SIGN_IDENTITY = "";
				CODE_SIGN_STYLE = Automatic;
				DEFINES_MODULE = YES;
				DEVELOPMENT_TEAM = NBG4AD273E;
				DYLIB_COMPATIBILITY_VERSION = 1;
				DYLIB_CURRENT_VERSION = 1;
				DYLIB_INSTALL_NAME_BASE = "@rpath";
				INFOPLIST_FILE = "dSwiftUtils-tvOS/Info.plist";
				INSTALL_PATH = "$(LOCAL_LIBRARY_DIR)/Frameworks";
				LD_RUNPATH_SEARCH_PATHS = "$(inherited) @executable_path/Frameworks @loader_path/Frameworks";
				PRODUCT_BUNDLE_IDENTIFIER = "com.mobitv.sprint.spot.dSwiftUtils-tvOS";
				PRODUCT_NAME = "$(TARGET_NAME:c99extidentifier)";
				SDKROOT = appletvos;
				SKIP_INSTALL = YES;
				SWIFT_VERSION = 4.0;
				TARGETED_DEVICE_FAMILY = 3;
				TVOS_DEPLOYMENT_TARGET = 10.0;
			};
			name = Debug;
		};
		DAAF49B020969CED00746B7E /* Release */ = {
			isa = XCBuildConfiguration;
			buildSettings = {
				CODE_SIGN_IDENTITY = "";
				CODE_SIGN_STYLE = Automatic;
				DEFINES_MODULE = YES;
				DEVELOPMENT_TEAM = NBG4AD273E;
				DYLIB_COMPATIBILITY_VERSION = 1;
				DYLIB_CURRENT_VERSION = 1;
				DYLIB_INSTALL_NAME_BASE = "@rpath";
				INFOPLIST_FILE = "dSwiftUtils-tvOS/Info.plist";
				INSTALL_PATH = "$(LOCAL_LIBRARY_DIR)/Frameworks";
				LD_RUNPATH_SEARCH_PATHS = "$(inherited) @executable_path/Frameworks @loader_path/Frameworks";
				PRODUCT_BUNDLE_IDENTIFIER = "com.mobitv.sprint.spot.dSwiftUtils-tvOS";
				PRODUCT_NAME = "$(TARGET_NAME:c99extidentifier)";
				SDKROOT = appletvos;
				SKIP_INSTALL = YES;
				SWIFT_VERSION = 4.0;
				TARGETED_DEVICE_FAMILY = 3;
				TVOS_DEPLOYMENT_TARGET = 10.0;
			};
			name = Release;
		};
		DAAF49BC20969CFF00746B7E /* Debug */ = {
			isa = XCBuildConfiguration;
			buildSettings = {
				CODE_SIGN_IDENTITY = "";
				CODE_SIGN_STYLE = Automatic;
				DEFINES_MODULE = YES;
				DEVELOPMENT_TEAM = NBG4AD273E;
				DYLIB_COMPATIBILITY_VERSION = 1;
				DYLIB_CURRENT_VERSION = 1;
				DYLIB_INSTALL_NAME_BASE = "@rpath";
				INFOPLIST_FILE = "dSwiftUtils-iOS/Info.plist";
				INSTALL_PATH = "$(LOCAL_LIBRARY_DIR)/Frameworks";
				IPHONEOS_DEPLOYMENT_TARGET = 10.0;
				LD_RUNPATH_SEARCH_PATHS = "$(inherited) @executable_path/Frameworks @loader_path/Frameworks";
				PRODUCT_BUNDLE_IDENTIFIER = "com.mobitv.sprint.spot.dSwiftUtils-iOS";
				PRODUCT_NAME = "$(TARGET_NAME:c99extidentifier)";
				SKIP_INSTALL = YES;
				SWIFT_VERSION = 4.0;
				TARGETED_DEVICE_FAMILY = "1,2";
			};
			name = Debug;
		};
		DAAF49BD20969CFF00746B7E /* Release */ = {
			isa = XCBuildConfiguration;
			buildSettings = {
				CODE_SIGN_IDENTITY = "";
				CODE_SIGN_STYLE = Automatic;
				DEFINES_MODULE = YES;
				DEVELOPMENT_TEAM = NBG4AD273E;
				DYLIB_COMPATIBILITY_VERSION = 1;
				DYLIB_CURRENT_VERSION = 1;
				DYLIB_INSTALL_NAME_BASE = "@rpath";
				INFOPLIST_FILE = "dSwiftUtils-iOS/Info.plist";
				INSTALL_PATH = "$(LOCAL_LIBRARY_DIR)/Frameworks";
				IPHONEOS_DEPLOYMENT_TARGET = 10.0;
				LD_RUNPATH_SEARCH_PATHS = "$(inherited) @executable_path/Frameworks @loader_path/Frameworks";
				PRODUCT_BUNDLE_IDENTIFIER = "com.mobitv.sprint.spot.dSwiftUtils-iOS";
				PRODUCT_NAME = "$(TARGET_NAME:c99extidentifier)";
				SKIP_INSTALL = YES;
				SWIFT_VERSION = 4.0;
				TARGETED_DEVICE_FAMILY = "1,2";
			};
			name = Release;
		};
/* End XCBuildConfiguration section */

/* Begin XCConfigurationList section */
		DAAF499320969C8F00746B7E /* Build configuration list for PBXProject "dSwiftUtils" */ = {
			isa = XCConfigurationList;
			buildConfigurations = (
				DAAF499F20969C8F00746B7E /* Debug */,
				DAAF49A020969C8F00746B7E /* Release */,
			);
			defaultConfigurationIsVisible = 0;
			defaultConfigurationName = Release;
		};
		DAAF49AE20969CED00746B7E /* Build configuration list for PBXNativeTarget "dSwiftUtils-tvOS" */ = {
			isa = XCConfigurationList;
			buildConfigurations = (
				DAAF49AF20969CED00746B7E /* Debug */,
				DAAF49B020969CED00746B7E /* Release */,
			);
			defaultConfigurationIsVisible = 0;
			defaultConfigurationName = Release;
		};
		DAAF49BB20969CFF00746B7E /* Build configuration list for PBXNativeTarget "dSwiftUtils-iOS" */ = {
			isa = XCConfigurationList;
			buildConfigurations = (
				DAAF49BC20969CFF00746B7E /* Debug */,
				DAAF49BD20969CFF00746B7E /* Release */,
			);
			defaultConfigurationIsVisible = 0;
			defaultConfigurationName = Release;
		};
/* End XCConfigurationList section */
	};
	rootObject = DAAF499020969C8F00746B7E /* Project object */;
}
